
Microsoft Visual Studio Solution File, Format Version 12.00
# Visual Studio Version 17
VisualStudioVersion = 17.12.35527.113
MinimumVisualStudioVersion = 10.0.40219.1
Project("{2150E333-8FDC-42A3-9474-1A3956D46DE8}") = "ApiGateway", "ApiGateway", "{F6AEC27A-CB35-4D82-B451-B0C8A32DE9C1}"
EndProject
Project("{FAE04EC0-301F-11D3-BF4B-00C04F79EFBC}") = "MBP.ApiGateway.AppHost", "MBP.ApiGateway\MBP.ApiGateway.AppHost\MBP.ApiGateway.AppHost.csproj", "{22882E00-11D5-4F52-BE46-19D00DB3F541}"
EndProject
Project("{FAE04EC0-301F-11D3-BF4B-00C04F79EFBC}") = "MBP.ApiGateway.ServiceDefaults", "MBP.ApiGateway\MBP.ApiGateway.ServiceDefaults\MBP.ApiGateway.ServiceDefaults.csproj", "{6E3EE070-8BA5-4210-8C09-627C87410814}"
EndProject
Project("{FAE04EC0-301F-11D3-BF4B-00C04F79EFBC}") = "MBP.ApiGateway.ApiService", "MBP.ApiGateway\MBP.ApiGateway.ApiService\MBP.ApiGateway.ApiService.csproj", "{FB4C5B36-C32C-4340-9BD3-12893E8204C2}"
EndProject
Project("{FAE04EC0-301F-11D3-BF4B-00C04F79EFBC}") = "MBP.ApiGateway.Web", "MBP.ApiGateway\MBP.ApiGateway.Web\MBP.ApiGateway.Web.csproj", "{322901E7-AA2C-495B-B0D6-57AF0BFD3AEB}"
EndProject
Project("{2150E333-8FDC-42A3-9474-1A3956D46DE8}") = "Shared", "Shared", "{4E1A1DB7-4D5B-4082-9540-10F990260E31}"
EndProject
Project("{FAE04EC0-301F-11D3-BF4B-00C04F79EFBC}") = "Shared.Contracts", "Shared.Contracts\Shared.Contracts.csproj", "{2C511D38-BE90-4CA6-BDB1-7441BFE7A86B}"
EndProject
Project("{FAE04EC0-301F-11D3-BF4B-00C04F79EFBC}") = "Shared.Kernel", "Shared.Kernel\Shared.Kernel.csproj", "{9B418E6D-C4D4-4AA0-A02E-244F82D8B353}"
EndProject
Project("{FAE04EC0-301F-11D3-BF4B-00C04F79EFBC}") = "Shared.Infrastructure", "Shared.Infrastructure\Shared.Infrastructure.csproj", "{60EBD9E7-2DEE-4817-A55B-C67A8650E19A}"
EndProject
Project("{2150E333-8FDC-42A3-9474-1A3956D46DE8}") = "Services", "Services", "{882D515E-31AD-42A0-BCDC-CAEDF3F5F052}"
EndProject
Project("{2150E333-8FDC-42A3-9474-1A3956D46DE8}") = "AuthService", "AuthService", "{B8909CAE-5398-479A-9BB3-95252EA1BDFB}"
EndProject
Project("{FAE04EC0-301F-11D3-BF4B-00C04F79EFBC}") = "AuthService.Application", "AuthService.Application\AuthService.Application.csproj", "{753B29D1-5947-4D5D-A8B9-ECF34D7ACE4C}"
EndProject
Project("{FAE04EC0-301F-11D3-BF4B-00C04F79EFBC}") = "AuthService.Infrastructure", "AuthService.Infrastructure\AuthService.Infrastructure.csproj", "{A1C2509E-92B9-44B5-B9B8-46973D954B78}"
EndProject
Project("{FAE04EC0-301F-11D3-BF4B-00C04F79EFBC}") = "AuthService.Api", "AuthService.Api\AuthService.Api.csproj", "{75E3A091-F509-4BF5-B7E7-72BDC468556A}"
EndProject
Project("{FAE04EC0-301F-11D3-BF4B-00C04F79EFBC}") = "AuthService.Domain", "AuthService.Domain\AuthService.Domain.csproj", "{A70C3692-3A41-4817-9FC2-D66D17168D65}"
EndProject
Project("{2150E333-8FDC-42A3-9474-1A3956D46DE8}") = "EmailService", "EmailService", "{575F2F3A-0F22-40EB-B2BD-18607C740237}"
EndProject
Project("{FAE04EC0-301F-11D3-BF4B-00C04F79EFBC}") = "EmailService.Infrastructure", "EmailService.Infrastructure\EmailService.Infrastructure.csproj", "{210E8C2E-77BA-479D-B13E-32A38060C68E}"
EndProject
Project("{FAE04EC0-301F-11D3-BF4B-00C04F79EFBC}") = "EmailService.Api", "EmailService.Api\EmailService.Api.csproj", "{EE169F6C-B21F-470E-BC4B-F88FE3731110}"
EndProject
Global
	GlobalSection(SolutionConfigurationPlatforms) = preSolution
		Debug|Any CPU = Debug|Any CPU
		Release|Any CPU = Release|Any CPU
	EndGlobalSection
	GlobalSection(ProjectConfigurationPlatforms) = postSolution
		{22882E00-11D5-4F52-BE46-19D00DB3F541}.Debug|Any CPU.ActiveCfg = Debug|Any CPU
		{22882E00-11D5-4F52-BE46-19D00DB3F541}.Debug|Any CPU.Build.0 = Debug|Any CPU
		{22882E00-11D5-4F52-BE46-19D00DB3F541}.Release|Any CPU.ActiveCfg = Release|Any CPU
		{22882E00-11D5-4F52-BE46-19D00DB3F541}.Release|Any CPU.Build.0 = Release|Any CPU
		{6E3EE070-8BA5-4210-8C09-627C87410814}.Debug|Any CPU.ActiveCfg = Debug|Any CPU
		{6E3EE070-8BA5-4210-8C09-627C87410814}.Debug|Any CPU.Build.0 = Debug|Any CPU
		{6E3EE070-8BA5-4210-8C09-627C87410814}.Release|Any CPU.ActiveCfg = Release|Any CPU
		{6E3EE070-8BA5-4210-8C09-627C87410814}.Release|Any CPU.Build.0 = Release|Any CPU
		{FB4C5B36-C32C-4340-9BD3-12893E8204C2}.Debug|Any CPU.ActiveCfg = Debug|Any CPU
		{FB4C5B36-C32C-4340-9BD3-12893E8204C2}.Debug|Any CPU.Build.0 = Debug|Any CPU
		{FB4C5B36-C32C-4340-9BD3-12893E8204C2}.Release|Any CPU.ActiveCfg = Release|Any CPU
		{FB4C5B36-C32C-4340-9BD3-12893E8204C2}.Release|Any CPU.Build.0 = Release|Any CPU
		{322901E7-AA2C-495B-B0D6-57AF0BFD3AEB}.Debug|Any CPU.ActiveCfg = Debug|Any CPU
		{322901E7-AA2C-495B-B0D6-57AF0BFD3AEB}.Debug|Any CPU.Build.0 = Debug|Any CPU
		{322901E7-AA2C-495B-B0D6-57AF0BFD3AEB}.Release|Any CPU.ActiveCfg = Release|Any CPU
		{322901E7-AA2C-495B-B0D6-57AF0BFD3AEB}.Release|Any CPU.Build.0 = Release|Any CPU
		{2C511D38-BE90-4CA6-BDB1-7441BFE7A86B}.Debug|Any CPU.ActiveCfg = Debug|Any CPU
		{2C511D38-BE90-4CA6-BDB1-7441BFE7A86B}.Debug|Any CPU.Build.0 = Debug|Any CPU
		{2C511D38-BE90-4CA6-BDB1-7441BFE7A86B}.Release|Any CPU.ActiveCfg = Release|Any CPU
		{2C511D38-BE90-4CA6-BDB1-7441BFE7A86B}.Release|Any CPU.Build.0 = Release|Any CPU
		{9B418E6D-C4D4-4AA0-A02E-244F82D8B353}.Debug|Any CPU.ActiveCfg = Debug|Any CPU
		{9B418E6D-C4D4-4AA0-A02E-244F82D8B353}.Debug|Any CPU.Build.0 = Debug|Any CPU
		{9B418E6D-C4D4-4AA0-A02E-244F82D8B353}.Release|Any CPU.ActiveCfg = Release|Any CPU
		{9B418E6D-C4D4-4AA0-A02E-244F82D8B353}.Release|Any CPU.Build.0 = Release|Any CPU
		{60EBD9E7-2DEE-4817-A55B-C67A8650E19A}.Debug|Any CPU.ActiveCfg = Debug|Any CPU
		{60EBD9E7-2DEE-4817-A55B-C67A8650E19A}.Debug|Any CPU.Build.0 = Debug|Any CPU
		{60EBD9E7-2DEE-4817-A55B-C67A8650E19A}.Release|Any CPU.ActiveCfg = Release|Any CPU
		{60EBD9E7-2DEE-4817-A55B-C67A8650E19A}.Release|Any CPU.Build.0 = Release|Any CPU
		{753B29D1-5947-4D5D-A8B9-ECF34D7ACE4C}.Debug|Any CPU.ActiveCfg = Debug|Any CPU
		{753B29D1-5947-4D5D-A8B9-ECF34D7ACE4C}.Debug|Any CPU.Build.0 = Debug|Any CPU
		{753B29D1-5947-4D5D-A8B9-ECF34D7ACE4C}.Release|Any CPU.ActiveCfg = Release|Any CPU
		{753B29D1-5947-4D5D-A8B9-ECF34D7ACE4C}.Release|Any CPU.Build.0 = Release|Any CPU
		{A1C2509E-92B9-44B5-B9B8-46973D954B78}.Debug|Any CPU.ActiveCfg = Debug|Any CPU
		{A1C2509E-92B9-44B5-B9B8-46973D954B78}.Debug|Any CPU.Build.0 = Debug|Any CPU
		{A1C2509E-92B9-44B5-B9B8-46973D954B78}.Release|Any CPU.ActiveCfg = Release|Any CPU
		{A1C2509E-92B9-44B5-B9B8-46973D954B78}.Release|Any CPU.Build.0 = Release|Any CPU
		{75E3A091-F509-4BF5-B7E7-72BDC468556A}.Debug|Any CPU.ActiveCfg = Debug|Any CPU
		{75E3A091-F509-4BF5-B7E7-72BDC468556A}.Debug|Any CPU.Build.0 = Debug|Any CPU
		{75E3A091-F509-4BF5-B7E7-72BDC468556A}.Release|Any CPU.ActiveCfg = Release|Any CPU
		{75E3A091-F509-4BF5-B7E7-72BDC468556A}.Release|Any CPU.Build.0 = Release|Any CPU
		{A70C3692-3A41-4817-9FC2-D66D17168D65}.Debug|Any CPU.ActiveCfg = Debug|Any CPU
		{A70C3692-3A41-4817-9FC2-D66D17168D65}.Debug|Any CPU.Build.0 = Debug|Any CPU
		{A70C3692-3A41-4817-9FC2-D66D17168D65}.Release|Any CPU.ActiveCfg = Release|Any CPU
		{A70C3692-3A41-4817-9FC2-D66D17168D65}.Release|Any CPU.Build.0 = Release|Any CPU
		{210E8C2E-77BA-479D-B13E-32A38060C68E}.Debug|Any CPU.ActiveCfg = Debug|Any CPU
		{210E8C2E-77BA-479D-B13E-32A38060C68E}.Debug|Any CPU.Build.0 = Debug|Any CPU
		{210E8C2E-77BA-479D-B13E-32A38060C68E}.Release|Any CPU.ActiveCfg = Release|Any CPU
		{210E8C2E-77BA-479D-B13E-32A38060C68E}.Release|Any CPU.Build.0 = Release|Any CPU
		{EE169F6C-B21F-470E-BC4B-F88FE3731110}.Debug|Any CPU.ActiveCfg = Debug|Any CPU
		{EE169F6C-B21F-470E-BC4B-F88FE3731110}.Debug|Any CPU.Build.0 = Debug|Any CPU
		{EE169F6C-B21F-470E-BC4B-F88FE3731110}.Release|Any CPU.ActiveCfg = Release|Any CPU
		{EE169F6C-B21F-470E-BC4B-F88FE3731110}.Release|Any CPU.Build.0 = Release|Any CPU
	EndGlobalSection
	GlobalSection(SolutionProperties) = preSolution
		HideSolutionNode = FALSE
	EndGlobalSection
	GlobalSection(NestedProjects) = preSolution
		{22882E00-11D5-4F52-BE46-19D00DB3F541} = {F6AEC27A-CB35-4D82-B451-B0C8A32DE9C1}
		{6E3EE070-8BA5-4210-8C09-627C87410814} = {F6AEC27A-CB35-4D82-B451-B0C8A32DE9C1}
		{FB4C5B36-C32C-4340-9BD3-12893E8204C2} = {F6AEC27A-CB35-4D82-B451-B0C8A32DE9C1}
		{322901E7-AA2C-495B-B0D6-57AF0BFD3AEB} = {F6AEC27A-CB35-4D82-B451-B0C8A32DE9C1}
		{2C511D38-BE90-4CA6-BDB1-7441BFE7A86B} = {4E1A1DB7-4D5B-4082-9540-10F990260E31}
		{9B418E6D-C4D4-4AA0-A02E-244F82D8B353} = {4E1A1DB7-4D5B-4082-9540-10F990260E31}
		{60EBD9E7-2DEE-4817-A55B-C67A8650E19A} = {4E1A1DB7-4D5B-4082-9540-10F990260E31}
		{B8909CAE-5398-479A-9BB3-95252EA1BDFB} = {882D515E-31AD-42A0-BCDC-CAEDF3F5F052}
		{753B29D1-5947-4D5D-A8B9-ECF34D7ACE4C} = {B8909CAE-5398-479A-9BB3-95252EA1BDFB}
		{A1C2509E-92B9-44B5-B9B8-46973D954B78} = {B8909CAE-5398-479A-9BB3-95252EA1BDFB}
		{75E3A091-F509-4BF5-B7E7-72BDC468556A} = {B8909CAE-5398-479A-9BB3-95252EA1BDFB}
		{A70C3692-3A41-4817-9FC2-D66D17168D65} = {B8909CAE-5398-479A-9BB3-95252EA1BDFB}
		{575F2F3A-0F22-40EB-B2BD-18607C740237} = {882D515E-31AD-42A0-BCDC-CAEDF3F5F052}
		{210E8C2E-77BA-479D-B13E-32A38060C68E} = {575F2F3A-0F22-40EB-B2BD-18607C740237}
		{EE169F6C-B21F-470E-BC4B-F88FE3731110} = {575F2F3A-0F22-40EB-B2BD-18607C740237}
	EndGlobalSection
EndGlobal
